
Microsoft Visual Studio Solution File, Format Version 12.00
# Visual Studio Version 16
VisualStudioVersion = 16.0.33927.289
MinimumVisualStudioVersion = 10.0.40219.1
Project("{2150E333-8FDC-42A3-9474-1A3956D46DE8}") = "Task0", "Task0", "{82AC0021-10D6-4324-97D1-46BED2983826}"
EndProject
Project("{8BC9CEB8-8B4A-11D0-8D11-00A0C91BC942}") = "Tyuiu.VorobevSA.Sprint1.Task0", "Tyuiu.VorobevSA.Sprint1.Task0\Tyuiu.VorobevSA.Sprint1.Task0.vcxproj", "{B87F7A8C-E539-425D-8D66-19EFC2112732}"
EndProject
Project("{8BC9CEB8-8B4A-11D0-8D11-00A0C91BC942}") = "Tyuiu.VorobevSA.Sprint1.Task0.Lib", "Tyuiu.VorobevSA.Sprint1.Task0.Lib\Tyuiu.VorobevSA.Sprint1.Task0.Lib.vcxproj", "{D2D80ADD-D194-45CC-BFBD-F2D045AAF773}"
EndProject
Project("{8BC9CEB8-8B4A-11D0-8D11-00A0C91BC942}") = "Tyuiu.VorobevSA.Sprint1.Task0.V1.Test", "Tyuiu.VorobevSA.Sprint1.Task0.V1.Test\Tyuiu.VorobevSA.Sprint1.Task0.V1.Test.vcxproj", "{1544A203-41ED-4C76-9950-BCE536E52F3F}"
EndProject
Project("{8BC9CEB8-8B4A-11D0-8D11-00A0C91BC942}") = "Tyuiu.VorobevSA.Sprint1.Task0.V2.Test", "Tyuiu.VorobevSA.Sprint1.Task0.V2.Test\Tyuiu.VorobevSA.Sprint1.Task0.V2.Test.vcxproj", "{04BF30E8-C76B-472F-AD95-0FD75A960E77}"
EndProject
Project("{8BC9CEB8-8B4A-11D0-8D11-00A0C91BC942}") = "Tyuiu.VorobevSA.Sprint1.Task0.V3.Test", "Tyuiu.VorobevSA.Sprint1.Task0.V3.Test\Tyuiu.VorobevSA.Sprint1.Task0.V3.Test.vcxproj", "{498F23A6-1BA2-4618-9F56-EC5D496B54D2}"
EndProject
Project("{8BC9CEB8-8B4A-11D0-8D11-00A0C91BC942}") = "Tyuiu.VorobevSA.Sprint1.Task0.V4.Test", "Tyuiu.VorobevSA.Sprint1.Task0.V4.Test\Tyuiu.VorobevSA.Sprint1.Task0.V4.Test.vcxproj", "{59E25161-E0A8-49D7-869C-FA579F97F673}"
EndProject
Project("{8BC9CEB8-8B4A-11D0-8D11-00A0C91BC942}") = "Tyuiu.VorobevSA.Sprint1.Task0.V5.Test", "Tyuiu.VorobevSA.Sprint1.Task0.V5.Test\Tyuiu.VorobevSA.Sprint1.Task0.V5.Test.vcxproj", "{45B02705-72A6-435A-ADD5-1BC89DD979F4}"
EndProject
Project("{8BC9CEB8-8B4A-11D0-8D11-00A0C91BC942}") = "Tyuiu.Cours.cpp", "..\Tyuiu.Cours.cpp\Tyuiu.Cours.cpp.vcxproj", "{71667551-DC89-4E91-B409-EC47AE10CC12}"
EndProject
Project("{2150E333-8FDC-42A3-9474-1A3956D46DE8}") = "Task1", "Task1", "{B47CE469-4339-4097-8292-0807A48BF4F9}"
EndProject
Project("{8BC9CEB8-8B4A-11D0-8D11-00A0C91BC942}") = "Tyuiu.VorobevSA.Sprint1.Task1", "Tyuiu.VorobevSA.Sprint1.Task1\Tyuiu.VorobevSA.Sprint1.Task1.vcxproj", "{D52476CA-CEBD-4A25-9E30-C4FBFBE6867A}"
EndProject
Project("{8BC9CEB8-8B4A-11D0-8D11-00A0C91BC942}") = "Tyuiu.VorobevSA.Sprint1.Task1.Lib", "Tyuiu.VorobevSA.Sprint1.Task1.Lib\Tyuiu.VorobevSA.Sprint1.Task1.Lib.vcxproj", "{4E1853B7-7754-4603-B738-0980ECFD3ABB}"
EndProject
Project("{8BC9CEB8-8B4A-11D0-8D11-00A0C91BC942}") = "Tyuiu.VorobevSA.Sprint1.Task1.V1.Test", "Tyuiu.VorobevSA.Sprint1.Task1.V1.Test\Tyuiu.VorobevSA.Sprint1.Task1.V1.Test.vcxproj", "{EADEAFB0-CEAA-4B08-BE61-505A2B2818B8}"
EndProject
Project("{8BC9CEB8-8B4A-11D0-8D11-00A0C91BC942}") = "Tyuiu.VorobevSA.Sprint1.Task1.V2.Test", "Tyuiu.VorobevSA.Sprint1.Task1.V2.Test\Tyuiu.VorobevSA.Sprint1.Task1.V2.Test.vcxproj", "{0E99F840-8760-4E55-BD50-CF6B51280449}"
EndProject
Project("{8BC9CEB8-8B4A-11D0-8D11-00A0C91BC942}") = "Tyuiu.VorobevSA.Sprint1.Task1.V3.Test", "Tyuiu.VorobevSA.Sprint1.Task1.V3.Test\Tyuiu.VorobevSA.Sprint1.Task1.V3.Test.vcxproj", "{D6A2F856-717C-406F-8A52-1073854733E7}"
EndProject
Project("{8BC9CEB8-8B4A-11D0-8D11-00A0C91BC942}") = "Tyuiu.VorobevSA.Sprint1.Task1.V4.Test", "Tyuiu.VorobevSA.Sprint1.Task1.V4.Test\Tyuiu.VorobevSA.Sprint1.Task1.V4.Test.vcxproj", "{CF7BE1E3-5240-4A8E-8FDB-997E98811E29}"
EndProject
Project("{8BC9CEB8-8B4A-11D0-8D11-00A0C91BC942}") = "Tyuiu.VorobevSA.Sprint1.Task1.V5.Test", "Tyuiu.VorobevSA.Sprint1.Task1.V5.Test\Tyuiu.VorobevSA.Sprint1.Task1.V5.Test.vcxproj", "{D5D63E80-D2B2-425D-A305-6A9F25591951}"
EndProject
Project("{2150E333-8FDC-42A3-9474-1A3956D46DE8}") = "Task2", "Task2", "{BDC6F448-8DBE-444E-88A3-1FC5D707CE14}"
EndProject
Project("{8BC9CEB8-8B4A-11D0-8D11-00A0C91BC942}") = "Tyuiu.VorobevSA.Sprint1.Task2.V5", "Tyuiu.VorobevSA.Sprint1.Task2.V5\Tyuiu.VorobevSA.Sprint1.Task2.V5.vcxproj", "{C3A14093-DE90-427C-9781-1BEAA6DB477B}"
EndProject
Project("{8BC9CEB8-8B4A-11D0-8D11-00A0C91BC942}") = "Tyuiu.VorobevSA.Sprint1.Task2.V5.lib", "Tyuiu.VorobevSA.Sprint1.Task2.V5.lib\Tyuiu.VorobevSA.Sprint1.Task2.V5.lib.vcxproj", "{27D753FE-56B4-4E01-B915-8FF4CE2D030F}"
EndProject
Project("{8BC9CEB8-8B4A-11D0-8D11-00A0C91BC942}") = "Tyuiu.VorobevSA.Sprint1.Task2.V5.test", "Tyuiu.VorobevSA.Sprint1.Task2.V5.test\Tyuiu.VorobevSA.Sprint1.Task2.V5.test.vcxproj", "{620391E0-FC7E-480E-B97E-82FFB6AD7093}"
EndProject
Project("{2150E333-8FDC-42A3-9474-1A3956D46DE8}") = "TAsk3", "TAsk3", "{A65C9325-890F-45EA-9D3B-2363157E6E16}"
EndProject
Project("{8BC9CEB8-8B4A-11D0-8D11-00A0C91BC942}") = "Tyuiu.VorobevSA.Sprint1.Task3", "Tyuiu.VorobevSA.Sprint1.Task3\Tyuiu.VorobevSA.Sprint1.Task3.vcxproj", "{20C24DA0-1353-421E-A958-B4637EDA5374}"
EndProject
Project("{8BC9CEB8-8B4A-11D0-8D11-00A0C91BC942}") = "Tyuiu.VorobevSA.Sprint1.Task3.lib", "Tyuiu.VorobevSA.Sprint1.Task3.lib\Tyuiu.VorobevSA.Sprint1.Task3.lib.vcxproj", "{0E7C7FC4-4AF8-4583-92DA-43A64A7CC3C1}"
EndProject
Project("{8BC9CEB8-8B4A-11D0-8D11-00A0C91BC942}") = "Tyuiu.VorobevSA.Sprint1.Task3.test", "Tyuiu.VorobevSA.Sprint1.Task3.test\Tyuiu.VorobevSA.Sprint1.Task3.test.vcxproj", "{A5780F39-E941-4AC3-884E-84733E1959EE}"
EndProject
Project("{2150E333-8FDC-42A3-9474-1A3956D46DE8}") = "Task4", "Task4", "{333474B2-55CC-4569-B5E4-60EE05B8D47A}"
EndProject
Project("{8BC9CEB8-8B4A-11D0-8D11-00A0C91BC942}") = "Tyuiu.VorobevSA.Sprint1.Task4.lib", "Tyuiu.VorobevSA.Sprint1.Task4.lib\Tyuiu.VorobevSA.Sprint1.Task4.lib.vcxproj", "{E60BA367-B0CA-4164-ACC8-CAE83DE1D2C0}"
EndProject
Project("{8BC9CEB8-8B4A-11D0-8D11-00A0C91BC942}") = "Tyuiu.VorobevSA.Sprint1.Task4", "Tyuiu.VorobevSA.Sprint1.Task4\Tyuiu.VorobevSA.Sprint1.Task4.vcxproj", "{F2ABA642-B72F-4F7C-8F69-927AEC5B0FCE}"
EndProject
Project("{8BC9CEB8-8B4A-11D0-8D11-00A0C91BC942}") = "Tyuiu.VorobevSA.Sprint1.Task4.Test", "Tyuiu.VorobevSA.Sprint1.Task4.Test\Tyuiu.VorobevSA.Sprint1.Task4.Test.vcxproj", "{743CD16A-F0EC-4326-B503-3ECE3767F8C9}"
EndProject
Global
	GlobalSection(SolutionConfigurationPlatforms) = preSolution
		Debug|x64 = Debug|x64
		Debug|x86 = Debug|x86
		Release|x64 = Release|x64
		Release|x86 = Release|x86
	EndGlobalSection
	GlobalSection(ProjectConfigurationPlatforms) = postSolution
		{B87F7A8C-E539-425D-8D66-19EFC2112732}.Debug|x64.ActiveCfg = Debug|x64
		{B87F7A8C-E539-425D-8D66-19EFC2112732}.Debug|x64.Build.0 = Debug|x64
		{B87F7A8C-E539-425D-8D66-19EFC2112732}.Debug|x86.ActiveCfg = Debug|Win32
		{B87F7A8C-E539-425D-8D66-19EFC2112732}.Debug|x86.Build.0 = Debug|Win32
		{B87F7A8C-E539-425D-8D66-19EFC2112732}.Release|x64.ActiveCfg = Release|x64
		{B87F7A8C-E539-425D-8D66-19EFC2112732}.Release|x64.Build.0 = Release|x64
		{B87F7A8C-E539-425D-8D66-19EFC2112732}.Release|x86.ActiveCfg = Release|Win32
		{B87F7A8C-E539-425D-8D66-19EFC2112732}.Release|x86.Build.0 = Release|Win32
		{D2D80ADD-D194-45CC-BFBD-F2D045AAF773}.Debug|x64.ActiveCfg = Debug|x64
		{D2D80ADD-D194-45CC-BFBD-F2D045AAF773}.Debug|x64.Build.0 = Debug|x64
		{D2D80ADD-D194-45CC-BFBD-F2D045AAF773}.Debug|x86.ActiveCfg = Debug|Win32
		{D2D80ADD-D194-45CC-BFBD-F2D045AAF773}.Debug|x86.Build.0 = Debug|Win32
		{D2D80ADD-D194-45CC-BFBD-F2D045AAF773}.Release|x64.ActiveCfg = Release|x64
		{D2D80ADD-D194-45CC-BFBD-F2D045AAF773}.Release|x64.Build.0 = Release|x64
		{D2D80ADD-D194-45CC-BFBD-F2D045AAF773}.Release|x86.ActiveCfg = Release|Win32
		{D2D80ADD-D194-45CC-BFBD-F2D045AAF773}.Release|x86.Build.0 = Release|Win32
		{1544A203-41ED-4C76-9950-BCE536E52F3F}.Debug|x64.ActiveCfg = Debug|x64
		{1544A203-41ED-4C76-9950-BCE536E52F3F}.Debug|x64.Build.0 = Debug|x64
		{1544A203-41ED-4C76-9950-BCE536E52F3F}.Debug|x86.ActiveCfg = Debug|Win32
		{1544A203-41ED-4C76-9950-BCE536E52F3F}.Debug|x86.Build.0 = Debug|Win32
		{1544A203-41ED-4C76-9950-BCE536E52F3F}.Release|x64.ActiveCfg = Release|x64
		{1544A203-41ED-4C76-9950-BCE536E52F3F}.Release|x64.Build.0 = Release|x64
		{1544A203-41ED-4C76-9950-BCE536E52F3F}.Release|x86.ActiveCfg = Release|Win32
		{1544A203-41ED-4C76-9950-BCE536E52F3F}.Release|x86.Build.0 = Release|Win32
		{04BF30E8-C76B-472F-AD95-0FD75A960E77}.Debug|x64.ActiveCfg = Debug|x64
		{04BF30E8-C76B-472F-AD95-0FD75A960E77}.Debug|x64.Build.0 = Debug|x64
		{04BF30E8-C76B-472F-AD95-0FD75A960E77}.Debug|x86.ActiveCfg = Debug|Win32
		{04BF30E8-C76B-472F-AD95-0FD75A960E77}.Debug|x86.Build.0 = Debug|Win32
		{04BF30E8-C76B-472F-AD95-0FD75A960E77}.Release|x64.ActiveCfg = Release|x64
		{04BF30E8-C76B-472F-AD95-0FD75A960E77}.Release|x64.Build.0 = Release|x64
		{04BF30E8-C76B-472F-AD95-0FD75A960E77}.Release|x86.ActiveCfg = Release|Win32
		{04BF30E8-C76B-472F-AD95-0FD75A960E77}.Release|x86.Build.0 = Release|Win32
		{498F23A6-1BA2-4618-9F56-EC5D496B54D2}.Debug|x64.ActiveCfg = Debug|x64
		{498F23A6-1BA2-4618-9F56-EC5D496B54D2}.Debug|x64.Build.0 = Debug|x64
		{498F23A6-1BA2-4618-9F56-EC5D496B54D2}.Debug|x86.ActiveCfg = Debug|Win32
		{498F23A6-1BA2-4618-9F56-EC5D496B54D2}.Debug|x86.Build.0 = Debug|Win32
		{498F23A6-1BA2-4618-9F56-EC5D496B54D2}.Release|x64.ActiveCfg = Release|x64
		{498F23A6-1BA2-4618-9F56-EC5D496B54D2}.Release|x64.Build.0 = Release|x64
		{498F23A6-1BA2-4618-9F56-EC5D496B54D2}.Release|x86.ActiveCfg = Release|Win32
		{498F23A6-1BA2-4618-9F56-EC5D496B54D2}.Release|x86.Build.0 = Release|Win32
		{59E25161-E0A8-49D7-869C-FA579F97F673}.Debug|x64.ActiveCfg = Debug|x64
		{59E25161-E0A8-49D7-869C-FA579F97F673}.Debug|x64.Build.0 = Debug|x64
		{59E25161-E0A8-49D7-869C-FA579F97F673}.Debug|x86.ActiveCfg = Debug|Win32
		{59E25161-E0A8-49D7-869C-FA579F97F673}.Debug|x86.Build.0 = Debug|Win32
		{59E25161-E0A8-49D7-869C-FA579F97F673}.Release|x64.ActiveCfg = Release|x64
		{59E25161-E0A8-49D7-869C-FA579F97F673}.Release|x64.Build.0 = Release|x64
		{59E25161-E0A8-49D7-869C-FA579F97F673}.Release|x86.ActiveCfg = Release|Win32
		{59E25161-E0A8-49D7-869C-FA579F97F673}.Release|x86.Build.0 = Release|Win32
		{45B02705-72A6-435A-ADD5-1BC89DD979F4}.Debug|x64.ActiveCfg = Debug|x64
		{45B02705-72A6-435A-ADD5-1BC89DD979F4}.Debug|x64.Build.0 = Debug|x64
		{45B02705-72A6-435A-ADD5-1BC89DD979F4}.Debug|x86.ActiveCfg = Debug|Win32
		{45B02705-72A6-435A-ADD5-1BC89DD979F4}.Debug|x86.Build.0 = Debug|Win32
		{45B02705-72A6-435A-ADD5-1BC89DD979F4}.Release|x64.ActiveCfg = Release|x64
		{45B02705-72A6-435A-ADD5-1BC89DD979F4}.Release|x64.Build.0 = Release|x64
		{45B02705-72A6-435A-ADD5-1BC89DD979F4}.Release|x86.ActiveCfg = Release|Win32
		{45B02705-72A6-435A-ADD5-1BC89DD979F4}.Release|x86.Build.0 = Release|Win32
		{71667551-DC89-4E91-B409-EC47AE10CC12}.Debug|x64.ActiveCfg = Debug|x64
		{71667551-DC89-4E91-B409-EC47AE10CC12}.Debug|x64.Build.0 = Debug|x64
		{71667551-DC89-4E91-B409-EC47AE10CC12}.Debug|x86.ActiveCfg = Debug|Win32
		{71667551-DC89-4E91-B409-EC47AE10CC12}.Debug|x86.Build.0 = Debug|Win32
		{71667551-DC89-4E91-B409-EC47AE10CC12}.Release|x64.ActiveCfg = Release|x64
		{71667551-DC89-4E91-B409-EC47AE10CC12}.Release|x64.Build.0 = Release|x64
		{71667551-DC89-4E91-B409-EC47AE10CC12}.Release|x86.ActiveCfg = Release|Win32
		{71667551-DC89-4E91-B409-EC47AE10CC12}.Release|x86.Build.0 = Release|Win32
		{D52476CA-CEBD-4A25-9E30-C4FBFBE6867A}.Debug|x64.ActiveCfg = Debug|x64
		{D52476CA-CEBD-4A25-9E30-C4FBFBE6867A}.Debug|x64.Build.0 = Debug|x64
		{D52476CA-CEBD-4A25-9E30-C4FBFBE6867A}.Debug|x86.ActiveCfg = Debug|Win32
		{D52476CA-CEBD-4A25-9E30-C4FBFBE6867A}.Debug|x86.Build.0 = Debug|Win32
		{D52476CA-CEBD-4A25-9E30-C4FBFBE6867A}.Release|x64.ActiveCfg = Release|x64
		{D52476CA-CEBD-4A25-9E30-C4FBFBE6867A}.Release|x64.Build.0 = Release|x64
		{D52476CA-CEBD-4A25-9E30-C4FBFBE6867A}.Release|x86.ActiveCfg = Release|Win32
		{D52476CA-CEBD-4A25-9E30-C4FBFBE6867A}.Release|x86.Build.0 = Release|Win32
		{4E1853B7-7754-4603-B738-0980ECFD3ABB}.Debug|x64.ActiveCfg = Debug|x64
		{4E1853B7-7754-4603-B738-0980ECFD3ABB}.Debug|x64.Build.0 = Debug|x64
		{4E1853B7-7754-4603-B738-0980ECFD3ABB}.Debug|x86.ActiveCfg = Debug|Win32
		{4E1853B7-7754-4603-B738-0980ECFD3ABB}.Debug|x86.Build.0 = Debug|Win32
		{4E1853B7-7754-4603-B738-0980ECFD3ABB}.Release|x64.ActiveCfg = Release|x64
		{4E1853B7-7754-4603-B738-0980ECFD3ABB}.Release|x64.Build.0 = Release|x64
		{4E1853B7-7754-4603-B738-0980ECFD3ABB}.Release|x86.ActiveCfg = Release|Win32
		{4E1853B7-7754-4603-B738-0980ECFD3ABB}.Release|x86.Build.0 = Release|Win32
		{EADEAFB0-CEAA-4B08-BE61-505A2B2818B8}.Debug|x64.ActiveCfg = Debug|x64
		{EADEAFB0-CEAA-4B08-BE61-505A2B2818B8}.Debug|x64.Build.0 = Debug|x64
		{EADEAFB0-CEAA-4B08-BE61-505A2B2818B8}.Debug|x86.ActiveCfg = Debug|Win32
		{EADEAFB0-CEAA-4B08-BE61-505A2B2818B8}.Debug|x86.Build.0 = Debug|Win32
		{EADEAFB0-CEAA-4B08-BE61-505A2B2818B8}.Release|x64.ActiveCfg = Release|x64
		{EADEAFB0-CEAA-4B08-BE61-505A2B2818B8}.Release|x64.Build.0 = Release|x64
		{EADEAFB0-CEAA-4B08-BE61-505A2B2818B8}.Release|x86.ActiveCfg = Release|Win32
		{EADEAFB0-CEAA-4B08-BE61-505A2B2818B8}.Release|x86.Build.0 = Release|Win32
		{0E99F840-8760-4E55-BD50-CF6B51280449}.Debug|x64.ActiveCfg = Debug|x64
		{0E99F840-8760-4E55-BD50-CF6B51280449}.Debug|x64.Build.0 = Debug|x64
		{0E99F840-8760-4E55-BD50-CF6B51280449}.Debug|x86.ActiveCfg = Debug|Win32
		{0E99F840-8760-4E55-BD50-CF6B51280449}.Debug|x86.Build.0 = Debug|Win32
		{0E99F840-8760-4E55-BD50-CF6B51280449}.Release|x64.ActiveCfg = Release|x64
		{0E99F840-8760-4E55-BD50-CF6B51280449}.Release|x64.Build.0 = Release|x64
		{0E99F840-8760-4E55-BD50-CF6B51280449}.Release|x86.ActiveCfg = Release|Win32
		{0E99F840-8760-4E55-BD50-CF6B51280449}.Release|x86.Build.0 = Release|Win32
		{D6A2F856-717C-406F-8A52-1073854733E7}.Debug|x64.ActiveCfg = Debug|x64
		{D6A2F856-717C-406F-8A52-1073854733E7}.Debug|x64.Build.0 = Debug|x64
		{D6A2F856-717C-406F-8A52-1073854733E7}.Debug|x86.ActiveCfg = Debug|Win32
		{D6A2F856-717C-406F-8A52-1073854733E7}.Debug|x86.Build.0 = Debug|Win32
		{D6A2F856-717C-406F-8A52-1073854733E7}.Release|x64.ActiveCfg = Release|x64
		{D6A2F856-717C-406F-8A52-1073854733E7}.Release|x64.Build.0 = Release|x64
		{D6A2F856-717C-406F-8A52-1073854733E7}.Release|x86.ActiveCfg = Release|Win32
		{D6A2F856-717C-406F-8A52-1073854733E7}.Release|x86.Build.0 = Release|Win32
		{CF7BE1E3-5240-4A8E-8FDB-997E98811E29}.Debug|x64.ActiveCfg = Debug|x64
		{CF7BE1E3-5240-4A8E-8FDB-997E98811E29}.Debug|x64.Build.0 = Debug|x64
		{CF7BE1E3-5240-4A8E-8FDB-997E98811E29}.Debug|x86.ActiveCfg = Debug|Win32
		{CF7BE1E3-5240-4A8E-8FDB-997E98811E29}.Debug|x86.Build.0 = Debug|Win32
		{CF7BE1E3-5240-4A8E-8FDB-997E98811E29}.Release|x64.ActiveCfg = Release|x64
		{CF7BE1E3-5240-4A8E-8FDB-997E98811E29}.Release|x64.Build.0 = Release|x64
		{CF7BE1E3-5240-4A8E-8FDB-997E98811E29}.Release|x86.ActiveCfg = Release|Win32
		{CF7BE1E3-5240-4A8E-8FDB-997E98811E29}.Release|x86.Build.0 = Release|Win32
		{D5D63E80-D2B2-425D-A305-6A9F25591951}.Debug|x64.ActiveCfg = Debug|x64
		{D5D63E80-D2B2-425D-A305-6A9F25591951}.Debug|x64.Build.0 = Debug|x64
		{D5D63E80-D2B2-425D-A305-6A9F25591951}.Debug|x86.ActiveCfg = Debug|Win32
		{D5D63E80-D2B2-425D-A305-6A9F25591951}.Debug|x86.Build.0 = Debug|Win32
		{D5D63E80-D2B2-425D-A305-6A9F25591951}.Release|x64.ActiveCfg = Release|x64
		{D5D63E80-D2B2-425D-A305-6A9F25591951}.Release|x64.Build.0 = Release|x64
		{D5D63E80-D2B2-425D-A305-6A9F25591951}.Release|x86.ActiveCfg = Release|Win32
		{D5D63E80-D2B2-425D-A305-6A9F25591951}.Release|x86.Build.0 = Release|Win32
		{C3A14093-DE90-427C-9781-1BEAA6DB477B}.Debug|x64.ActiveCfg = Debug|x64
		{C3A14093-DE90-427C-9781-1BEAA6DB477B}.Debug|x64.Build.0 = Debug|x64
		{C3A14093-DE90-427C-9781-1BEAA6DB477B}.Debug|x86.ActiveCfg = Debug|Win32
		{C3A14093-DE90-427C-9781-1BEAA6DB477B}.Debug|x86.Build.0 = Debug|Win32
		{C3A14093-DE90-427C-9781-1BEAA6DB477B}.Release|x64.ActiveCfg = Release|x64
		{C3A14093-DE90-427C-9781-1BEAA6DB477B}.Release|x64.Build.0 = Release|x64
		{C3A14093-DE90-427C-9781-1BEAA6DB477B}.Release|x86.ActiveCfg = Release|Win32
		{C3A14093-DE90-427C-9781-1BEAA6DB477B}.Release|x86.Build.0 = Release|Win32
		{27D753FE-56B4-4E01-B915-8FF4CE2D030F}.Debug|x64.ActiveCfg = Debug|x64
		{27D753FE-56B4-4E01-B915-8FF4CE2D030F}.Debug|x64.Build.0 = Debug|x64
		{27D753FE-56B4-4E01-B915-8FF4CE2D030F}.Debug|x86.ActiveCfg = Debug|Win32
		{27D753FE-56B4-4E01-B915-8FF4CE2D030F}.Debug|x86.Build.0 = Debug|Win32
		{27D753FE-56B4-4E01-B915-8FF4CE2D030F}.Release|x64.ActiveCfg = Release|x64
		{27D753FE-56B4-4E01-B915-8FF4CE2D030F}.Release|x64.Build.0 = Release|x64
		{27D753FE-56B4-4E01-B915-8FF4CE2D030F}.Release|x86.ActiveCfg = Release|Win32
		{27D753FE-56B4-4E01-B915-8FF4CE2D030F}.Release|x86.Build.0 = Release|Win32
		{620391E0-FC7E-480E-B97E-82FFB6AD7093}.Debug|x64.ActiveCfg = Debug|x64
		{620391E0-FC7E-480E-B97E-82FFB6AD7093}.Debug|x64.Build.0 = Debug|x64
		{620391E0-FC7E-480E-B97E-82FFB6AD7093}.Debug|x86.ActiveCfg = Debug|Win32
		{620391E0-FC7E-480E-B97E-82FFB6AD7093}.Debug|x86.Build.0 = Debug|Win32
		{620391E0-FC7E-480E-B97E-82FFB6AD7093}.Release|x64.ActiveCfg = Release|x64
		{620391E0-FC7E-480E-B97E-82FFB6AD7093}.Release|x64.Build.0 = Release|x64
		{620391E0-FC7E-480E-B97E-82FFB6AD7093}.Release|x86.ActiveCfg = Release|Win32
		{620391E0-FC7E-480E-B97E-82FFB6AD7093}.Release|x86.Build.0 = Release|Win32
		{20C24DA0-1353-421E-A958-B4637EDA5374}.Debug|x64.ActiveCfg = Debug|x64
		{20C24DA0-1353-421E-A958-B4637EDA5374}.Debug|x64.Build.0 = Debug|x64
		{20C24DA0-1353-421E-A958-B4637EDA5374}.Debug|x86.ActiveCfg = Debug|Win32
		{20C24DA0-1353-421E-A958-B4637EDA5374}.Debug|x86.Build.0 = Debug|Win32
		{20C24DA0-1353-421E-A958-B4637EDA5374}.Release|x64.ActiveCfg = Release|x64
		{20C24DA0-1353-421E-A958-B4637EDA5374}.Release|x64.Build.0 = Release|x64
		{20C24DA0-1353-421E-A958-B4637EDA5374}.Release|x86.ActiveCfg = Release|Win32
		{20C24DA0-1353-421E-A958-B4637EDA5374}.Release|x86.Build.0 = Release|Win32
		{0E7C7FC4-4AF8-4583-92DA-43A64A7CC3C1}.Debug|x64.ActiveCfg = Debug|x64
		{0E7C7FC4-4AF8-4583-92DA-43A64A7CC3C1}.Debug|x64.Build.0 = Debug|x64
		{0E7C7FC4-4AF8-4583-92DA-43A64A7CC3C1}.Debug|x86.ActiveCfg = Debug|Win32
		{0E7C7FC4-4AF8-4583-92DA-43A64A7CC3C1}.Debug|x86.Build.0 = Debug|Win32
		{0E7C7FC4-4AF8-4583-92DA-43A64A7CC3C1}.Release|x64.ActiveCfg = Release|x64
		{0E7C7FC4-4AF8-4583-92DA-43A64A7CC3C1}.Release|x64.Build.0 = Release|x64
		{0E7C7FC4-4AF8-4583-92DA-43A64A7CC3C1}.Release|x86.ActiveCfg = Release|Win32
		{0E7C7FC4-4AF8-4583-92DA-43A64A7CC3C1}.Release|x86.Build.0 = Release|Win32
		{A5780F39-E941-4AC3-884E-84733E1959EE}.Debug|x64.ActiveCfg = Debug|x64
		{A5780F39-E941-4AC3-884E-84733E1959EE}.Debug|x64.Build.0 = Debug|x64
		{A5780F39-E941-4AC3-884E-84733E1959EE}.Debug|x86.ActiveCfg = Debug|Win32
		{A5780F39-E941-4AC3-884E-84733E1959EE}.Debug|x86.Build.0 = Debug|Win32
		{A5780F39-E941-4AC3-884E-84733E1959EE}.Release|x64.ActiveCfg = Release|x64
		{A5780F39-E941-4AC3-884E-84733E1959EE}.Release|x64.Build.0 = Release|x64
		{A5780F39-E941-4AC3-884E-84733E1959EE}.Release|x86.ActiveCfg = Release|Win32
		{A5780F39-E941-4AC3-884E-84733E1959EE}.Release|x86.Build.0 = Release|Win32
		{E60BA367-B0CA-4164-ACC8-CAE83DE1D2C0}.Debug|x64.ActiveCfg = Debug|x64
		{E60BA367-B0CA-4164-ACC8-CAE83DE1D2C0}.Debug|x64.Build.0 = Debug|x64
		{E60BA367-B0CA-4164-ACC8-CAE83DE1D2C0}.Debug|x86.ActiveCfg = Debug|Win32
		{E60BA367-B0CA-4164-ACC8-CAE83DE1D2C0}.Debug|x86.Build.0 = Debug|Win32
		{E60BA367-B0CA-4164-ACC8-CAE83DE1D2C0}.Release|x64.ActiveCfg = Release|x64
		{E60BA367-B0CA-4164-ACC8-CAE83DE1D2C0}.Release|x64.Build.0 = Release|x64
		{E60BA367-B0CA-4164-ACC8-CAE83DE1D2C0}.Release|x86.ActiveCfg = Release|Win32
		{E60BA367-B0CA-4164-ACC8-CAE83DE1D2C0}.Release|x86.Build.0 = Release|Win32
		{F2ABA642-B72F-4F7C-8F69-927AEC5B0FCE}.Debug|x64.ActiveCfg = Debug|x64
		{F2ABA642-B72F-4F7C-8F69-927AEC5B0FCE}.Debug|x64.Build.0 = Debug|x64
		{F2ABA642-B72F-4F7C-8F69-927AEC5B0FCE}.Debug|x86.ActiveCfg = Debug|Win32
		{F2ABA642-B72F-4F7C-8F69-927AEC5B0FCE}.Debug|x86.Build.0 = Debug|Win32
		{F2ABA642-B72F-4F7C-8F69-927AEC5B0FCE}.Release|x64.ActiveCfg = Release|x64
		{F2ABA642-B72F-4F7C-8F69-927AEC5B0FCE}.Release|x64.Build.0 = Release|x64
		{F2ABA642-B72F-4F7C-8F69-927AEC5B0FCE}.Release|x86.ActiveCfg = Release|Win32
		{F2ABA642-B72F-4F7C-8F69-927AEC5B0FCE}.Release|x86.Build.0 = Release|Win32
		{743CD16A-F0EC-4326-B503-3ECE3767F8C9}.Debug|x64.ActiveCfg = Debug|x64
		{743CD16A-F0EC-4326-B503-3ECE3767F8C9}.Debug|x64.Build.0 = Debug|x64
		{743CD16A-F0EC-4326-B503-3ECE3767F8C9}.Debug|x86.ActiveCfg = Debug|Win32
		{743CD16A-F0EC-4326-B503-3ECE3767F8C9}.Debug|x86.Build.0 = Debug|Win32
		{743CD16A-F0EC-4326-B503-3ECE3767F8C9}.Release|x64.ActiveCfg = Release|x64
		{743CD16A-F0EC-4326-B503-3ECE3767F8C9}.Release|x64.Build.0 = Release|x64
		{743CD16A-F0EC-4326-B503-3ECE3767F8C9}.Release|x86.ActiveCfg = Release|Win32
		{743CD16A-F0EC-4326-B503-3ECE3767F8C9}.Release|x86.Build.0 = Release|Win32
	EndGlobalSection
	GlobalSection(SolutionProperties) = preSolution
		HideSolutionNode = FALSE
	EndGlobalSection
	GlobalSection(NestedProjects) = preSolution
		{B87F7A8C-E539-425D-8D66-19EFC2112732} = {82AC0021-10D6-4324-97D1-46BED2983826}
		{D2D80ADD-D194-45CC-BFBD-F2D045AAF773} = {82AC0021-10D6-4324-97D1-46BED2983826}
		{1544A203-41ED-4C76-9950-BCE536E52F3F} = {82AC0021-10D6-4324-97D1-46BED2983826}
		{04BF30E8-C76B-472F-AD95-0FD75A960E77} = {82AC0021-10D6-4324-97D1-46BED2983826}
		{498F23A6-1BA2-4618-9F56-EC5D496B54D2} = {82AC0021-10D6-4324-97D1-46BED2983826}
		{59E25161-E0A8-49D7-869C-FA579F97F673} = {82AC0021-10D6-4324-97D1-46BED2983826}
		{45B02705-72A6-435A-ADD5-1BC89DD979F4} = {82AC0021-10D6-4324-97D1-46BED2983826}
		{D52476CA-CEBD-4A25-9E30-C4FBFBE6867A} = {B47CE469-4339-4097-8292-0807A48BF4F9}
		{4E1853B7-7754-4603-B738-0980ECFD3ABB} = {B47CE469-4339-4097-8292-0807A48BF4F9}
		{EADEAFB0-CEAA-4B08-BE61-505A2B2818B8} = {B47CE469-4339-4097-8292-0807A48BF4F9}
		{0E99F840-8760-4E55-BD50-CF6B51280449} = {B47CE469-4339-4097-8292-0807A48BF4F9}
		{D6A2F856-717C-406F-8A52-1073854733E7} = {B47CE469-4339-4097-8292-0807A48BF4F9}
		{CF7BE1E3-5240-4A8E-8FDB-997E98811E29} = {B47CE469-4339-4097-8292-0807A48BF4F9}
		{D5D63E80-D2B2-425D-A305-6A9F25591951} = {B47CE469-4339-4097-8292-0807A48BF4F9}
		{C3A14093-DE90-427C-9781-1BEAA6DB477B} = {BDC6F448-8DBE-444E-88A3-1FC5D707CE14}
		{27D753FE-56B4-4E01-B915-8FF4CE2D030F} = {BDC6F448-8DBE-444E-88A3-1FC5D707CE14}
		{620391E0-FC7E-480E-B97E-82FFB6AD7093} = {BDC6F448-8DBE-444E-88A3-1FC5D707CE14}
		{20C24DA0-1353-421E-A958-B4637EDA5374} = {A65C9325-890F-45EA-9D3B-2363157E6E16}
		{0E7C7FC4-4AF8-4583-92DA-43A64A7CC3C1} = {A65C9325-890F-45EA-9D3B-2363157E6E16}
		{A5780F39-E941-4AC3-884E-84733E1959EE} = {A65C9325-890F-45EA-9D3B-2363157E6E16}
		{E60BA367-B0CA-4164-ACC8-CAE83DE1D2C0} = {333474B2-55CC-4569-B5E4-60EE05B8D47A}
		{F2ABA642-B72F-4F7C-8F69-927AEC5B0FCE} = {333474B2-55CC-4569-B5E4-60EE05B8D47A}
		{743CD16A-F0EC-4326-B503-3ECE3767F8C9} = {333474B2-55CC-4569-B5E4-60EE05B8D47A}
	EndGlobalSection
	GlobalSection(ExtensibilityGlobals) = postSolution
		SolutionGuid = {DC95BF03-A5C8-43EA-8B87-10A982AEAA90}
	EndGlobalSection
EndGlobal
